// !$*UTF8*$!
{
	archiveVersion = 1;
	classes = {
	};
	objectVersion = 51;
	objects = {

/* Begin PBXBuildFile section */
		CDCAA1222600A87000DA93F4 /* AppDelegate.swift in Sources */ = {isa = PBXBuildFile; fileRef = CDCAA1212600A87000DA93F4 /* AppDelegate.swift */; };
		CDCAA1242600A87000DA93F4 /* SceneDelegate.swift in Sources */ = {isa = PBXBuildFile; fileRef = CDCAA1232600A87000DA93F4 /* SceneDelegate.swift */; };
		CDCAA1262600A87000DA93F4 /* ViewController.swift in Sources */ = {isa = PBXBuildFile; fileRef = CDCAA1252600A87000DA93F4 /* ViewController.swift */; };
		CDCAA1292600A87000DA93F4 /* Main.storyboard in Resources */ = {isa = PBXBuildFile; fileRef = CDCAA1272600A87000DA93F4 /* Main.storyboard */; };
		CDCAA12B2600A87300DA93F4 /* Assets.xcassets in Resources */ = {isa = PBXBuildFile; fileRef = CDCAA12A2600A87300DA93F4 /* Assets.xcassets */; };
		CDCAA12E2600A87300DA93F4 /* LaunchScreen.storyboard in Resources */ = {isa = PBXBuildFile; fileRef = CDCAA12C2600A87300DA93F4 /* LaunchScreen.storyboard */; };
		CDCAA1432600AF6700DA93F4 /* TableViewCell.swift in Sources */ = {isa = PBXBuildFile; fileRef = CDCAA1412600AF6700DA93F4 /* TableViewCell.swift */; };
		CDCAA1442600AF6700DA93F4 /* TableViewCell.xib in Resources */ = {isa = PBXBuildFile; fileRef = CDCAA1422600AF6700DA93F4 /* TableViewCell.xib */; };
		CDCAA14F2600BAA000DA93F4 /* CollectionViewCell.swift in Sources */ = {isa = PBXBuildFile; fileRef = CDCAA14D2600BAA000DA93F4 /* CollectionViewCell.swift */; };
		CDCAA1502600BAA000DA93F4 /* CollectionViewCell.xib in Resources */ = {isa = PBXBuildFile; fileRef = CDCAA14E2600BAA000DA93F4 /* CollectionViewCell.xib */; };
		CDD1BA0326010B3B0046F435 /* ImageData.swift in Sources */ = {isa = PBXBuildFile; fileRef = CDD1BA0226010B3B0046F435 /* ImageData.swift */; };
		F66841B3198B90EED90946EA /* Pods_Summachar.framework in Frameworks */ = {isa = PBXBuildFile; fileRef = 8AFC88640CD2DAAE1489B4F3 /* Pods_Summachar.framework */; };
/* End PBXBuildFile section */

/* Begin PBXFileReference section */
		8AFC88640CD2DAAE1489B4F3 /* Pods_Summachar.framework */ = {isa = PBXFileReference; explicitFileType = wrapper.framework; includeInIndex = 0; path = Pods_Summachar.framework; sourceTree = BUILT_PRODUCTS_DIR; };
		CDCAA11E2600A87000DA93F4 /* Summachar.app */ = {isa = PBXFileReference; explicitFileType = wrapper.application; includeInIndex = 0; path = Summachar.app; sourceTree = BUILT_PRODUCTS_DIR; };
		CDCAA1212600A87000DA93F4 /* AppDelegate.swift */ = {isa = PBXFileReference; lastKnownFileType = sourcecode.swift; path = AppDelegate.swift; sourceTree = "<group>"; };
		CDCAA1232600A87000DA93F4 /* SceneDelegate.swift */ = {isa = PBXFileReference; lastKnownFileType = sourcecode.swift; path = SceneDelegate.swift; sourceTree = "<group>"; };
		CDCAA1252600A87000DA93F4 /* ViewController.swift */ = {isa = PBXFileReference; lastKnownFileType = sourcecode.swift; path = ViewController.swift; sourceTree = "<group>"; };
		CDCAA1282600A87000DA93F4 /* Base */ = {isa = PBXFileReference; lastKnownFileType = file.storyboard; name = Base; path = Base.lproj/Main.storyboard; sourceTree = "<group>"; };
		CDCAA12A2600A87300DA93F4 /* Assets.xcassets */ = {isa = PBXFileReference; lastKnownFileType = folder.assetcatalog; path = Assets.xcassets; sourceTree = "<group>"; };
		CDCAA12D2600A87300DA93F4 /* Base */ = {isa = PBXFileReference; lastKnownFileType = file.storyboard; name = Base; path = Base.lproj/LaunchScreen.storyboard; sourceTree = "<group>"; };
		CDCAA12F2600A87300DA93F4 /* Info.plist */ = {isa = PBXFileReference; lastKnownFileType = text.plist.xml; path = Info.plist; sourceTree = "<group>"; };
		CDCAA1412600AF6700DA93F4 /* TableViewCell.swift */ = {isa = PBXFileReference; lastKnownFileType = sourcecode.swift; path = TableViewCell.swift; sourceTree = "<group>"; };
		CDCAA1422600AF6700DA93F4 /* TableViewCell.xib */ = {isa = PBXFileReference; lastKnownFileType = file.xib; path = TableViewCell.xib; sourceTree = "<group>"; };
		CDCAA14D2600BAA000DA93F4 /* CollectionViewCell.swift */ = {isa = PBXFileReference; lastKnownFileType = sourcecode.swift; path = CollectionViewCell.swift; sourceTree = "<group>"; };
		CDCAA14E2600BAA000DA93F4 /* CollectionViewCell.xib */ = {isa = PBXFileReference; lastKnownFileType = file.xib; path = CollectionViewCell.xib; sourceTree = "<group>"; };
		CDD1BA0226010B3B0046F435 /* ImageData.swift */ = {isa = PBXFileReference; lastKnownFileType = sourcecode.swift; path = ImageData.swift; sourceTree = "<group>"; };
		DF1E0DCBF37D1E6F4F3B19FE /* Pods-Summachar.release.xcconfig */ = {isa = PBXFileReference; includeInIndex = 1; lastKnownFileType = text.xcconfig; name = "Pods-Summachar.release.xcconfig"; path = "Target Support Files/Pods-Summachar/Pods-Summachar.release.xcconfig"; sourceTree = "<group>"; };
		E471390A57800D713F15CC23 /* Pods-Summachar.debug.xcconfig */ = {isa = PBXFileReference; includeInIndex = 1; lastKnownFileType = text.xcconfig; name = "Pods-Summachar.debug.xcconfig"; path = "Target Support Files/Pods-Summachar/Pods-Summachar.debug.xcconfig"; sourceTree = "<group>"; };
/* End PBXFileReference section */

/* Begin PBXFrameworksBuildPhase section */
		CDCAA11B2600A87000DA93F4 /* Frameworks */ = {
			isa = PBXFrameworksBuildPhase;
			buildActionMask = 2147483647;
			files = (
				F66841B3198B90EED90946EA /* Pods_Summachar.framework in Frameworks */,
			);
			runOnlyForDeploymentPostprocessing = 0;
		};
/* End PBXFrameworksBuildPhase section */

/* Begin PBXGroup section */
		773626C6433BAA435993765C /* Pods */ = {
			isa = PBXGroup;
			children = (
				E471390A57800D713F15CC23 /* Pods-Summachar.debug.xcconfig */,
				DF1E0DCBF37D1E6F4F3B19FE /* Pods-Summachar.release.xcconfig */,
			);
			path = Pods;
			sourceTree = "<group>";
		};
		C7762DD2081A1E174D486B02 /* Frameworks */ = {
			isa = PBXGroup;
			children = (
				8AFC88640CD2DAAE1489B4F3 /* Pods_Summachar.framework */,
			);
			name = Frameworks;
			sourceTree = "<group>";
		};
		CDCAA1152600A87000DA93F4 = {
			isa = PBXGroup;
			children = (
				CDCAA1202600A87000DA93F4 /* Summachar */,
				CDCAA11F2600A87000DA93F4 /* Products */,
				773626C6433BAA435993765C /* Pods */,
				C7762DD2081A1E174D486B02 /* Frameworks */,
			);
			sourceTree = "<group>";
		};
		CDCAA11F2600A87000DA93F4 /* Products */ = {
			isa = PBXGroup;
			children = (
				CDCAA11E2600A87000DA93F4 /* Summachar.app */,
			);
			name = Products;
			sourceTree = "<group>";
		};
		CDCAA1202600A87000DA93F4 /* Summachar */ = {
			isa = PBXGroup;
			children = (
				CDCAA1212600A87000DA93F4 /* AppDelegate.swift */,
				CDCAA1232600A87000DA93F4 /* SceneDelegate.swift */,
				CDCAA1252600A87000DA93F4 /* ViewController.swift */,
				CDCAA1272600A87000DA93F4 /* Main.storyboard */,
				CDCAA1412600AF6700DA93F4 /* TableViewCell.swift */,
				CDD1BA0226010B3B0046F435 /* ImageData.swift */,
				CDCAA1422600AF6700DA93F4 /* TableViewCell.xib */,
				CDCAA12A2600A87300DA93F4 /* Assets.xcassets */,
				CDCAA12C2600A87300DA93F4 /* LaunchScreen.storyboard */,
				CDCAA14D2600BAA000DA93F4 /* CollectionViewCell.swift */,
				CDCAA14E2600BAA000DA93F4 /* CollectionViewCell.xib */,
				CDCAA12F2600A87300DA93F4 /* Info.plist */,
			);
			path = Summachar;
			sourceTree = "<group>";
		};
/* End PBXGroup section */

/* Begin PBXNativeTarget section */
		CDCAA11D2600A87000DA93F4 /* Summachar */ = {
			isa = PBXNativeTarget;
			buildConfigurationList = CDCAA1322600A87300DA93F4 /* Build configuration list for PBXNativeTarget "Summachar" */;
			buildPhases = (
				68E5A4CE113BB4BCC83AA186 /* [CP] Check Pods Manifest.lock */,
				CDCAA11A2600A87000DA93F4 /* Sources */,
				CDCAA11B2600A87000DA93F4 /* Frameworks */,
				CDCAA11C2600A87000DA93F4 /* Resources */,
				009716C8006133EA9EC200CD /* [CP] Embed Pods Frameworks */,
			);
			buildRules = (
			);
			dependencies = (
			);
			name = Summachar;
			productName = "container in table";
			productReference = CDCAA11E2600A87000DA93F4 /* Summachar.app */;
			productType = "com.apple.product-type.application";
		};
/* End PBXNativeTarget section */

/* Begin PBXProject section */
		CDCAA1162600A87000DA93F4 /* Project object */ = {
			isa = PBXProject;
			attributes = {
				LastSwiftUpdateCheck = 1240;
				LastUpgradeCheck = 1240;
				TargetAttributes = {
					CDCAA11D2600A87000DA93F4 = {
						CreatedOnToolsVersion = 12.4;
					};
				};
			};
			buildConfigurationList = CDCAA1192600A87000DA93F4 /* Build configuration list for PBXProject "Summachar" */;
			compatibilityVersion = "Xcode 9.3";
			developmentRegion = en;
			hasScannedForEncodings = 0;
			knownRegions = (
				en,
				Base,
			);
			mainGroup = CDCAA1152600A87000DA93F4;
			productRefGroup = CDCAA11F2600A87000DA93F4 /* Products */;
			projectDirPath = "";
			projectRoot = "";
			targets = (
				CDCAA11D2600A87000DA93F4 /* Summachar */,
			);
		};
/* End PBXProject section */

/* Begin PBXResourcesBuildPhase section */
		CDCAA11C2600A87000DA93F4 /* Resources */ = {
			isa = PBXResourcesBuildPhase;
			buildActionMask = 2147483647;
			files = (
				CDCAA12E2600A87300DA93F4 /* LaunchScreen.storyboard in Resources */,
				CDCAA1442600AF6700DA93F4 /* TableViewCell.xib in Resources */,
				CDCAA12B2600A87300DA93F4 /* Assets.xcassets in Resources */,
				CDCAA1292600A87000DA93F4 /* Main.storyboard in Resources */,
				CDCAA1502600BAA000DA93F4 /* CollectionViewCell.xib in Resources */,
			);
			runOnlyForDeploymentPostprocessing = 0;
		};
/* End PBXResourcesBuildPhase section */

/* Begin PBXShellScriptBuildPhase section */
		009716C8006133EA9EC200CD /* [CP] Embed Pods Frameworks */ = {
			isa = PBXShellScriptBuildPhase;
			buildActionMask = 2147483647;
			files = (
			);
			inputFileListPaths = (
				"${PODS_ROOT}/Target Support Files/Pods-Summachar/Pods-Summachar-frameworks-${CONFIGURATION}-input-files.xcfilelist",
			);
			name = "[CP] Embed Pods Frameworks";
			outputFileListPaths = (
				"${PODS_ROOT}/Target Support Files/Pods-Summachar/Pods-Summachar-frameworks-${CONFIGURATION}-output-files.xcfilelist",
			);
			runOnlyForDeploymentPostprocessing = 0;
			shellPath = /bin/sh;
			shellScript = "\"${PODS_ROOT}/Target Support Files/Pods-Summachar/Pods-Summachar-frameworks.sh\"\n";
			showEnvVarsInLog = 0;
		};
		68E5A4CE113BB4BCC83AA186 /* [CP] Check Pods Manifest.lock */ = {
			isa = PBXShellScriptBuildPhase;
			buildActionMask = 2147483647;
			files = (
			);
			inputFileListPaths = (
			);
			inputPaths = (
				"${PODS_PODFILE_DIR_PATH}/Podfile.lock",
				"${PODS_ROOT}/Manifest.lock",
			);
			name = "[CP] Check Pods Manifest.lock";
			outputFileListPaths = (
			);
			outputPaths = (
				"$(DERIVED_FILE_DIR)/Pods-Summachar-checkManifestLockResult.txt",
			);
			runOnlyForDeploymentPostprocessing = 0;
			shellPath = /bin/sh;
			shellScript = "diff \"${PODS_PODFILE_DIR_PATH}/Podfile.lock\" \"${PODS_ROOT}/Manifest.lock\" > /dev/null\nif [ $? != 0 ] ; then\n    # print error to STDERR\n    echo \"error: The sandbox is not in sync with the Podfile.lock. Run 'pod install' or update your CocoaPods installation.\" >&2\n    exit 1\nfi\n# This output is used by Xcode 'outputs' to avoid re-running this script phase.\necho \"SUCCESS\" > \"${SCRIPT_OUTPUT_FILE_0}\"\n";
			showEnvVarsInLog = 0;
		};
/* End PBXShellScriptBuildPhase section */

/* Begin PBXSourcesBuildPhase section */
		CDCAA11A2600A87000DA93F4 /* Sources */ = {
			isa = PBXSourcesBuildPhase;
			buildActionMask = 2147483647;
			files = (
				CDCAA14F2600BAA000DA93F4 /* CollectionViewCell.swift in Sources */,
				CDCAA1262600A87000DA93F4 /* ViewController.swift in Sources */,
				CDCAA1432600AF6700DA93F4 /* TableViewCell.swift in Sources */,
				CDCAA1222600A87000DA93F4 /* AppDelegate.swift in Sources */,
				CDCAA1242600A87000DA93F4 /* SceneDelegate.swift in Sources */,
				CDD1BA0326010B3B0046F435 /* ImageData.swift in Sources */,
			);
			runOnlyForDeploymentPostprocessing = 0;
		};
/* End PBXSourcesBuildPhase section */

/* Begin PBXVariantGroup section */
		CDCAA1272600A87000DA93F4 /* Main.storyboard */ = {
			isa = PBXVariantGroup;
			children = (
				CDCAA1282600A87000DA93F4 /* Base */,
			);
			name = Main.storyboard;
			sourceTree = "<group>";
		};
		CDCAA12C2600A87300DA93F4 /* LaunchScreen.storyboard */ = {
			isa = PBXVariantGroup;
			children = (
				CDCAA12D2600A87300DA93F4 /* Base */,
			);
			name = LaunchScreen.storyboard;
			sourceTree = "<group>";
		};
/* End PBXVariantGroup section */

/* Begin XCBuildConfiguration section */
		CDCAA1302600A87300DA93F4 /* Debug */ = {
			isa = XCBuildConfiguration;
			buildSettings = {
				ALWAYS_SEARCH_USER_PATHS = NO;
				CLANG_ANALYZER_NONNULL = YES;
				CLANG_ANALYZER_NUMBER_OBJECT_CONVERSION = YES_AGGRESSIVE;
				CLANG_CXX_LANGUAGE_STANDARD = "gnu++14";
				CLANG_CXX_LIBRARY = "libc++";
				CLANG_ENABLE_MODULES = YES;
				CLANG_ENABLE_OBJC_ARC = YES;
				CLANG_ENABLE_OBJC_WEAK = YES;
				CLANG_WARN_BLOCK_CAPTURE_AUTORELEASING = YES;
				CLANG_WARN_BOOL_CONVERSION = YES;
				CLANG_WARN_COMMA = YES;
				CLANG_WARN_CONSTANT_CONVERSION = YES;
				CLANG_WARN_DEPRECATED_OBJC_IMPLEMENTATIONS = YES;
				CLANG_WARN_DIRECT_OBJC_ISA_USAGE = YES_ERROR;
				CLANG_WARN_DOCUMENTATION_COMMENTS = YES;
				CLANG_WARN_EMPTY_BODY = YES;
				CLANG_WARN_ENUM_CONVERSION = YES;
				CLANG_WARN_INFINITE_RECURSION = YES;
				CLANG_WARN_INT_CONVERSION = YES;
				CLANG_WARN_NON_LITERAL_NULL_CONVERSION = YES;
				CLANG_WARN_OBJC_IMPLICIT_RETAIN_SELF = YES;
				CLANG_WARN_OBJC_LITERAL_CONVERSION = YES;
				CLANG_WARN_OBJC_ROOT_CLASS = YES_ERROR;
				CLANG_WARN_QUOTED_INCLUDE_IN_FRAMEWORK_HEADER = YES;
				CLANG_WARN_RANGE_LOOP_ANALYSIS = YES;
				CLANG_WARN_STRICT_PROTOTYPES = YES;
				CLANG_WARN_SUSPICIOUS_MOVE = YES;
				CLANG_WARN_UNGUARDED_AVAILABILITY = YES_AGGRESSIVE;
				CLANG_WARN_UNREACHABLE_CODE = YES;
				CLANG_WARN__DUPLICATE_METHOD_MATCH = YES;
				COPY_PHASE_STRIP = NO;
				DEBUG_INFORMATION_FORMAT = dwarf;
				ENABLE_STRICT_OBJC_MSGSEND = YES;
				ENABLE_TESTABILITY = YES;
				GCC_C_LANGUAGE_STANDARD = gnu11;
				GCC_DYNAMIC_NO_PIC = NO;
				GCC_NO_COMMON_BLOCKS = YES;
				GCC_OPTIMIZATION_LEVEL = 0;
				GCC_PREPROCESSOR_DEFINITIONS = (
					"DEBUG=1",
					"$(inherited)",
				);
				GCC_WARN_64_TO_32_BIT_CONVERSION = YES;
				GCC_WARN_ABOUT_RETURN_TYPE = YES_ERROR;
				GCC_WARN_UNDECLARED_SELECTOR = YES;
				GCC_WARN_UNINITIALIZED_AUTOS = YES_AGGRESSIVE;
				GCC_WARN_UNUSED_FUNCTION = YES;
				GCC_WARN_UNUSED_VARIABLE = YES;
				IPHONEOS_DEPLOYMENT_TARGET = 14.4;
				MTL_ENABLE_DEBUG_INFO = INCLUDE_SOURCE;
				MTL_FAST_MATH = YES;
				ONLY_ACTIVE_ARCH = YES;
				SDKROOT = iphoneos;
				SWIFT_ACTIVE_COMPILATION_CONDITIONS = DEBUG;
				SWIFT_OPTIMIZATION_LEVEL = "-Onone";
			};
			name = Debug;
		};
		CDCAA1312600A87300DA93F4 /* Release */ = {
			isa = XCBuildConfiguration;
			buildSettings = {
				ALWAYS_SEARCH_USER_PATHS = NO;
				CLANG_ANALYZER_NONNULL = YES;
				CLANG_ANALYZER_NUMBER_OBJECT_CONVERSION = YES_AGGRESSIVE;
				CLANG_CXX_LANGUAGE_STANDARD = "gnu++14";
				CLANG_CXX_LIBRARY = "libc++";
				CLANG_ENABLE_MODULES = YES;
				CLANG_ENABLE_OBJC_ARC = YES;
				CLANG_ENABLE_OBJC_WEAK = YES;
				CLANG_WARN_BLOCK_CAPTURE_AUTORELEASING = YES;
				CLANG_WARN_BOOL_CONVERSION = YES;
				CLANG_WARN_COMMA = YES;
				CLANG_WARN_CONSTANT_CONVERSION = YES;
				CLANG_WARN_DEPRECATED_OBJC_IMPLEMENTATIONS = YES;
				CLANG_WARN_DIRECT_OBJC_ISA_USAGE = YES_ERROR;
				CLANG_WARN_DOCUMENTATION_COMMENTS = YES;
				CLANG_WARN_EMPTY_BODY = YES;
				CLANG_WARN_ENUM_CONVERSION = YES;
				CLANG_WARN_INFINITE_RECURSION = YES;
				CLANG_WARN_INT_CONVERSION = YES;
				CLANG_WARN_NON_LITERAL_NULL_CONVERSION = YES;
				CLANG_WARN_OBJC_IMPLICIT_RETAIN_SELF = YES;
				CLANG_WARN_OBJC_LITERAL_CONVERSION = YES;
				CLANG_WARN_OBJC_ROOT_CLASS = YES_ERROR;
				CLANG_WARN_QUOTED_INCLUDE_IN_FRAMEWORK_HEADER = YES;
				CLANG_WARN_RANGE_LOOP_ANALYSIS = YES;
				CLANG_WARN_STRICT_PROTOTYPES = YES;
				CLANG_WARN_SUSPICIOUS_MOVE = YES;
				CLANG_WARN_UNGUARDED_AVAILABILITY = YES_AGGRESSIVE;
				CLANG_WARN_UNREACHABLE_CODE = YES;
				CLANG_WARN__DUPLICATE_METHOD_MATCH = YES;
				COPY_PHASE_STRIP = NO;
				DEBUG_INFORMATION_FORMAT = "dwarf-with-dsym";
				ENABLE_NS_ASSERTIONS = NO;
				ENABLE_STRICT_OBJC_MSGSEND = YES;
				GCC_C_LANGUAGE_STANDARD = gnu11;
				GCC_NO_COMMON_BLOCKS = YES;
				GCC_WARN_64_TO_32_BIT_CONVERSION = YES;
				GCC_WARN_ABOUT_RETURN_TYPE = YES_ERROR;
				GCC_WARN_UNDECLARED_SELECTOR = YES;
				GCC_WARN_UNINITIALIZED_AUTOS = YES_AGGRESSIVE;
				GCC_WARN_UNUSED_FUNCTION = YES;
				GCC_WARN_UNUSED_VARIABLE = YES;
				IPHONEOS_DEPLOYMENT_TARGET = 14.4;
				MTL_ENABLE_DEBUG_INFO = NO;
				MTL_FAST_MATH = YES;
				SDKROOT = iphoneos;
				SWIFT_COMPILATION_MODE = wholemodule;
				SWIFT_OPTIMIZATION_LEVEL = "-O";
				VALIDATE_PRODUCT = YES;
			};
			name = Release;
		};
		CDCAA1332600A87300DA93F4 /* Debug */ = {
			isa = XCBuildConfiguration;
			baseConfigurationReference = E471390A57800D713F15CC23 /* Pods-Summachar.debug.xcconfig */;
			buildSettings = {
				ASSETCATALOG_COMPILER_APPICON_NAME = AppIcon;
				ASSETCATALOG_COMPILER_GLOBAL_ACCENT_COLOR_NAME = AccentColor;
				CODE_SIGN_STYLE = Automatic;
				DEVELOPMENT_TEAM = F638V29VVL;
				INFOPLIST_FILE = Summachar/Info.plist;
				LD_RUNPATH_SEARCH_PATHS = (
					"$(inherited)",
					"@executable_path/Frameworks",
				);
				PRODUCT_BUNDLE_IDENTIFIER = tyagi.Summachar;
				PRODUCT_NAME = "$(TARGET_NAME)";
				SWIFT_VERSION = 5.0;
				TARGETED_DEVICE_FAMILY = "1,2";
			};
			name = Debug;
		};
		CDCAA1342600A87300DA93F4 /* Release */ = {
			isa = XCBuildConfiguration;
			baseConfigurationReference = DF1E0DCBF37D1E6F4F3B19FE /* Pods-Summachar.release.xcconfig */;
			buildSettings = {
				ASSETCATALOG_COMPILER_APPICON_NAME = AppIcon;
				ASSETCATALOG_COMPILER_GLOBAL_ACCENT_COLOR_NAME = AccentColor;
				CODE_SIGN_STYLE = Automatic;
				DEVELOPMENT_TEAM = F638V29VVL;
				INFOPLIST_FILE = Summachar/Info.plist;
				LD_RUNPATH_SEARCH_PATHS = (
					"$(inherited)",
					"@executable_path/Frameworks",
				);
				PRODUCT_BUNDLE_IDENTIFIER = tyagi.Summachar;
				PRODUCT_NAME = "$(TARGET_NAME)";
				SWIFT_VERSION = 5.0;
				TARGETED_DEVICE_FAMILY = "1,2";
			};
			name = Release;
		};
/* End XCBuildConfiguration section */

/* Begin XCConfigurationList section */
		CDCAA1192600A87000DA93F4 /* Build configuration list for PBXProject "Summachar" */ = {
			isa = XCConfigurationList;
			buildConfigurations = (
				CDCAA1302600A87300DA93F4 /* Debug */,
				CDCAA1312600A87300DA93F4 /* Release */,
			);
			defaultConfigurationIsVisible = 0;
			defaultConfigurationName = Release;
		};
		CDCAA1322600A87300DA93F4 /* Build configuration list for PBXNativeTarget "Summachar" */ = {
			isa = XCConfigurationList;
			buildConfigurations = (
				CDCAA1332600A87300DA93F4 /* Debug */,
				CDCAA1342600A87300DA93F4 /* Release */,
			);
			defaultConfigurationIsVisible = 0;
			defaultConfigurationName = Release;
		};
/* End XCConfigurationList section */
	};
	rootObject = CDCAA1162600A87000DA93F4 /* Project object */;
}
